
Microsoft Visual Studio Solution File, Format Version 12.00
# Visual Studio Version 17
VisualStudioVersion = 17.0.31903.59
MinimumVisualStudioVersion = 10.0.40219.1
Project("{FAE04EC0-301F-11D3-BF4B-00C04F79EFBC}") = "Test", "Test\Test.csproj", "{88E6A5AF-63D9-4FEB-9359-584C9242845F}"
EndProject
Project("{FAE04EC0-301F-11D3-BF4B-00C04F79EFBC}") = "Drawing", "Drawing\Drawing.csproj", "{4700E94F-7D42-4D03-90C0-101D99E91FB3}"
EndProject
Project("{FAE04EC0-301F-11D3-BF4B-00C04F79EFBC}") = "OrderProcessing", "OrderProcessing\OrderProcessing.csproj", "{A6E0F873-7189-411E-B92E-D05089CFC292}"
EndProject
Global
	GlobalSection(SolutionConfigurationPlatforms) = preSolution
		Debug|Any CPU = Debug|Any CPU
		Release|Any CPU = Release|Any CPU
	EndGlobalSection
	GlobalSection(SolutionProperties) = preSolution
		HideSolutionNode = FALSE
	EndGlobalSection
	GlobalSection(ProjectConfigurationPlatforms) = postSolution
		{88E6A5AF-63D9-4FEB-9359-584C9242845F}.Debug|Any CPU.ActiveCfg = Debug|Any CPU
		{88E6A5AF-63D9-4FEB-9359-584C9242845F}.Debug|Any CPU.Build.0 = Debug|Any CPU
		{88E6A5AF-63D9-4FEB-9359-584C9242845F}.Release|Any CPU.ActiveCfg = Release|Any CPU
		{88E6A5AF-63D9-4FEB-9359-584C9242845F}.Release|Any CPU.Build.0 = Release|Any CPU
		{4700E94F-7D42-4D03-90C0-101D99E91FB3}.Debug|Any CPU.ActiveCfg = Debug|Any CPU
		{4700E94F-7D42-4D03-90C0-101D99E91FB3}.Debug|Any CPU.Build.0 = Debug|Any CPU
		{4700E94F-7D42-4D03-90C0-101D99E91FB3}.Release|Any CPU.ActiveCfg = Release|Any CPU
		{4700E94F-7D42-4D03-90C0-101D99E91FB3}.Release|Any CPU.Build.0 = Release|Any CPU
		{A6E0F873-7189-411E-B92E-D05089CFC292}.Debug|Any CPU.ActiveCfg = Debug|Any CPU
		{A6E0F873-7189-411E-B92E-D05089CFC292}.Debug|Any CPU.Build.0 = Debug|Any CPU
		{A6E0F873-7189-411E-B92E-D05089CFC292}.Release|Any CPU.ActiveCfg = Release|Any CPU
		{A6E0F873-7189-411E-B92E-D05089CFC292}.Release|Any CPU.Build.0 = Release|Any CPU
	EndGlobalSection
EndGlobal
